
Microsoft Visual Studio Solution File, Format Version 12.00
# Visual Studio 15
VisualStudioVersion = 15.0.26711.1
MinimumVisualStudioVersion = 10.0.40219.1
Project("{FAE04EC0-301F-11D3-BF4B-00C04F79EFBC}") = "ObserverRealWorld", "ObserverRealWorld\ObserverRealWorld.csproj", "{1E1AAD84-50D9-487B-84EA-A6553239D380}"
EndProject
Global
	GlobalSection(SolutionConfigurationPlatforms) = preSolution
		Debug|Any CPU = Debug|Any CPU
		Release|Any CPU = Release|Any CPU
	EndGlobalSection
	GlobalSection(ProjectConfigurationPlatforms) = postSolution
		{1E1AAD84-50D9-487B-84EA-A6553239D380}.Debug|Any CPU.ActiveCfg = Debug|Any CPU
		{1E1AAD84-50D9-487B-84EA-A6553239D380}.Debug|Any CPU.Build.0 = Debug|Any CPU
		{1E1AAD84-50D9-487B-84EA-A6553239D380}.Release|Any CPU.ActiveCfg = Release|Any CPU
		{1E1AAD84-50D9-487B-84EA-A6553239D380}.Release|Any CPU.Build.0 = Release|Any CPU
	EndGlobalSection
	GlobalSection(SolutionProperties) = preSolution
		HideSolutionNode = FALSE
	EndGlobalSection
	GlobalSection(ExtensibilityGlobals) = postSolution
		SolutionGuid = {E64AFAD4-59E7-49E6-8B7C-4A7DC2B66388}
	EndGlobalSection
EndGlobal
