
Microsoft Visual Studio Solution File, Format Version 12.00
# Visual Studio 15
VisualStudioVersion = 15.0.26711.1
MinimumVisualStudioVersion = 10.0.40219.1
Project("{FAE04EC0-301F-11D3-BF4B-00C04F79EFBC}") = "AF_realworld", "AF_realworld\AF_realworld.csproj", "{0BACC345-43C6-44E5-BFD5-64458C3058CC}"
EndProject
Global
	GlobalSection(SolutionConfigurationPlatforms) = preSolution
		Debug|Any CPU = Debug|Any CPU
		Release|Any CPU = Release|Any CPU
	EndGlobalSection
	GlobalSection(ProjectConfigurationPlatforms) = postSolution
		{0BACC345-43C6-44E5-BFD5-64458C3058CC}.Debug|Any CPU.ActiveCfg = Debug|Any CPU
		{0BACC345-43C6-44E5-BFD5-64458C3058CC}.Debug|Any CPU.Build.0 = Debug|Any CPU
		{0BACC345-43C6-44E5-BFD5-64458C3058CC}.Release|Any CPU.ActiveCfg = Release|Any CPU
		{0BACC345-43C6-44E5-BFD5-64458C3058CC}.Release|Any CPU.Build.0 = Release|Any CPU
	EndGlobalSection
	GlobalSection(SolutionProperties) = preSolution
		HideSolutionNode = FALSE
	EndGlobalSection
	GlobalSection(ExtensibilityGlobals) = postSolution
		SolutionGuid = {AC07801F-692F-450C-A414-55A82B9CE0C6}
	EndGlobalSection
EndGlobal
