
Microsoft Visual Studio Solution File, Format Version 12.00
# Visual Studio 15
VisualStudioVersion = 15.0.26711.1
MinimumVisualStudioVersion = 10.0.40219.1
Project("{FAE04EC0-301F-11D3-BF4B-00C04F79EFBC}") = "CommandCore", "CommandCore\CommandCore.csproj", "{5FEF8A2F-F1E6-47DB-9B47-4D26858E0ABE}"
EndProject
Global
	GlobalSection(SolutionConfigurationPlatforms) = preSolution
		Debug|Any CPU = Debug|Any CPU
		Release|Any CPU = Release|Any CPU
	EndGlobalSection
	GlobalSection(ProjectConfigurationPlatforms) = postSolution
		{5FEF8A2F-F1E6-47DB-9B47-4D26858E0ABE}.Debug|Any CPU.ActiveCfg = Debug|Any CPU
		{5FEF8A2F-F1E6-47DB-9B47-4D26858E0ABE}.Debug|Any CPU.Build.0 = Debug|Any CPU
		{5FEF8A2F-F1E6-47DB-9B47-4D26858E0ABE}.Release|Any CPU.ActiveCfg = Release|Any CPU
		{5FEF8A2F-F1E6-47DB-9B47-4D26858E0ABE}.Release|Any CPU.Build.0 = Release|Any CPU
	EndGlobalSection
	GlobalSection(SolutionProperties) = preSolution
		HideSolutionNode = FALSE
	EndGlobalSection
	GlobalSection(ExtensibilityGlobals) = postSolution
		SolutionGuid = {7797BAF9-2554-4607-84AF-73022D61E844}
	EndGlobalSection
EndGlobal
